
Microsoft Visual Studio Solution File, Format Version 12.00
# Visual Studio Version 16
VisualStudioVersion = 16.0.31515.178
MinimumVisualStudioVersion = 10.0.40219.1
Project("{9A19103F-16F7-4668-BE54-9A1E7A4F7556}") = "Scadue", "Scadue\Scadue.csproj", "{BC517E5C-7CB7-4E8A-9B64-1F02D0001560}"
	ProjectSection(ProjectDependencies) = postProject
		{99DA096F-6883-4D09-99EE-CA89EBD15F47} = {99DA096F-6883-4D09-99EE-CA89EBD15F47}
		{328B048A-D80F-45DC-9D3D-9582AEDBA89C} = {328B048A-D80F-45DC-9D3D-9582AEDBA89C}
	EndProjectSection
EndProject
Project("{9A19103F-16F7-4668-BE54-9A1E7A4F7556}") = "Scadue.Business", "Scadue.Business\Scadue.Business.csproj", "{328B048A-D80F-45DC-9D3D-9582AEDBA89C}"
	ProjectSection(ProjectDependencies) = postProject
		{C974320D-E3FB-4682-BC4D-629AFA70394A} = {C974320D-E3FB-4682-BC4D-629AFA70394A}
		{99DA096F-6883-4D09-99EE-CA89EBD15F47} = {99DA096F-6883-4D09-99EE-CA89EBD15F47}
	EndProjectSection
EndProject
Project("{9A19103F-16F7-4668-BE54-9A1E7A4F7556}") = "Scadue.Data", "Scadue.Data\Scadue.Data.csproj", "{99DA096F-6883-4D09-99EE-CA89EBD15F47}"
EndProject
Project("{9A19103F-16F7-4668-BE54-9A1E7A4F7556}") = "Scadue.Recipient.OpenStreetMap.OverpassAPI", "Scadue.Recipient.OpenStreetMap.OverpassAPI\Scadue.Recipient.OpenStreetMap.OverpassAPI.csproj", "{C974320D-E3FB-4682-BC4D-629AFA70394A}"
EndProject
Global
	GlobalSection(SolutionConfigurationPlatforms) = preSolution
		Debug|Any CPU = Debug|Any CPU
		Release|Any CPU = Release|Any CPU
	EndGlobalSection
	GlobalSection(ProjectConfigurationPlatforms) = postSolution
		{BC517E5C-7CB7-4E8A-9B64-1F02D0001560}.Debug|Any CPU.ActiveCfg = Debug|Any CPU
		{BC517E5C-7CB7-4E8A-9B64-1F02D0001560}.Debug|Any CPU.Build.0 = Debug|Any CPU
		{BC517E5C-7CB7-4E8A-9B64-1F02D0001560}.Release|Any CPU.ActiveCfg = Release|Any CPU
		{BC517E5C-7CB7-4E8A-9B64-1F02D0001560}.Release|Any CPU.Build.0 = Release|Any CPU
		{328B048A-D80F-45DC-9D3D-9582AEDBA89C}.Debug|Any CPU.ActiveCfg = Debug|Any CPU
		{328B048A-D80F-45DC-9D3D-9582AEDBA89C}.Debug|Any CPU.Build.0 = Debug|Any CPU
		{328B048A-D80F-45DC-9D3D-9582AEDBA89C}.Release|Any CPU.ActiveCfg = Release|Any CPU
		{328B048A-D80F-45DC-9D3D-9582AEDBA89C}.Release|Any CPU.Build.0 = Release|Any CPU
		{99DA096F-6883-4D09-99EE-CA89EBD15F47}.Debug|Any CPU.ActiveCfg = Debug|Any CPU
		{99DA096F-6883-4D09-99EE-CA89EBD15F47}.Debug|Any CPU.Build.0 = Debug|Any CPU
		{99DA096F-6883-4D09-99EE-CA89EBD15F47}.Release|Any CPU.ActiveCfg = Release|Any CPU
		{99DA096F-6883-4D09-99EE-CA89EBD15F47}.Release|Any CPU.Build.0 = Release|Any CPU
		{C974320D-E3FB-4682-BC4D-629AFA70394A}.Debug|Any CPU.ActiveCfg = Debug|Any CPU
		{C974320D-E3FB-4682-BC4D-629AFA70394A}.Debug|Any CPU.Build.0 = Debug|Any CPU
		{C974320D-E3FB-4682-BC4D-629AFA70394A}.Release|Any CPU.ActiveCfg = Release|Any CPU
		{C974320D-E3FB-4682-BC4D-629AFA70394A}.Release|Any CPU.Build.0 = Release|Any CPU
	EndGlobalSection
	GlobalSection(SolutionProperties) = preSolution
		HideSolutionNode = FALSE
	EndGlobalSection
	GlobalSection(ExtensibilityGlobals) = postSolution
		SolutionGuid = {C2770980-7069-422E-B755-C2D390FD2DDE}
	EndGlobalSection
EndGlobal
